
Microsoft Visual Studio Solution File, Format Version 12.00
# Visual Studio Version 17
VisualStudioVersion = 17.2.32616.157
MinimumVisualStudioVersion = 10.0.40219.1
Project("{9A19103F-16F7-4668-BE54-9A1E7A4F7556}") = "stackoverflow-api", "stackoverflow-api\stackoverflow-api.csproj", "{00DFDCE6-7B4E-4159-9864-D1C9121BB942}"
EndProject
Project("{9A19103F-16F7-4668-BE54-9A1E7A4F7556}") = "stackoverflow.core", "stackoverflow.core\stackoverflow.core.csproj", "{0D08940E-F6A6-4333-9022-5E0EEA62E2A5}"
EndProject
Project("{FAE04EC0-301F-11D3-BF4B-00C04F79EFBC}") = "stackoverflow-integration-test", "stackoverflow-integration-test\stackoverflow-integration-test.csproj", "{3FBC877A-E6D3-4330-A91E-4758F19CC89B}"
EndProject
Global
	GlobalSection(SolutionConfigurationPlatforms) = preSolution
		Debug|Any CPU = Debug|Any CPU
		Release|Any CPU = Release|Any CPU
	EndGlobalSection
	GlobalSection(ProjectConfigurationPlatforms) = postSolution
		{00DFDCE6-7B4E-4159-9864-D1C9121BB942}.Debug|Any CPU.ActiveCfg = Debug|Any CPU
		{00DFDCE6-7B4E-4159-9864-D1C9121BB942}.Debug|Any CPU.Build.0 = Debug|Any CPU
		{00DFDCE6-7B4E-4159-9864-D1C9121BB942}.Release|Any CPU.ActiveCfg = Release|Any CPU
		{00DFDCE6-7B4E-4159-9864-D1C9121BB942}.Release|Any CPU.Build.0 = Release|Any CPU
		{0D08940E-F6A6-4333-9022-5E0EEA62E2A5}.Debug|Any CPU.ActiveCfg = Debug|Any CPU
		{0D08940E-F6A6-4333-9022-5E0EEA62E2A5}.Debug|Any CPU.Build.0 = Debug|Any CPU
		{0D08940E-F6A6-4333-9022-5E0EEA62E2A5}.Release|Any CPU.ActiveCfg = Release|Any CPU
		{0D08940E-F6A6-4333-9022-5E0EEA62E2A5}.Release|Any CPU.Build.0 = Release|Any CPU
		{3FBC877A-E6D3-4330-A91E-4758F19CC89B}.Debug|Any CPU.ActiveCfg = Debug|Any CPU
		{3FBC877A-E6D3-4330-A91E-4758F19CC89B}.Debug|Any CPU.Build.0 = Debug|Any CPU
		{3FBC877A-E6D3-4330-A91E-4758F19CC89B}.Release|Any CPU.ActiveCfg = Release|Any CPU
		{3FBC877A-E6D3-4330-A91E-4758F19CC89B}.Release|Any CPU.Build.0 = Release|Any CPU
	EndGlobalSection
	GlobalSection(SolutionProperties) = preSolution
		HideSolutionNode = FALSE
	EndGlobalSection
	GlobalSection(ExtensibilityGlobals) = postSolution
		SolutionGuid = {0C09E914-2B3B-4C3A-9818-B0B62C66C60D}
	EndGlobalSection
EndGlobal
